
Microsoft Visual Studio Solution File, Format Version 12.00
# Visual Studio Version 17
VisualStudioVersion = 17.3.32929.385
MinimumVisualStudioVersion = 10.0.40219.1
Project("{9A19103F-16F7-4668-BE54-9A1E7A4F7556}") = "WebCompleta", "WebCompleta\WebCompleta.csproj", "{C578583E-4B0A-454F-8794-DE4B2F05887F}"
EndProject
Global
	GlobalSection(SolutionConfigurationPlatforms) = preSolution
		Debug|Any CPU = Debug|Any CPU
		Release|Any CPU = Release|Any CPU
	EndGlobalSection
	GlobalSection(ProjectConfigurationPlatforms) = postSolution
		{C578583E-4B0A-454F-8794-DE4B2F05887F}.Debug|Any CPU.ActiveCfg = Debug|Any CPU
		{C578583E-4B0A-454F-8794-DE4B2F05887F}.Debug|Any CPU.Build.0 = Debug|Any CPU
		{C578583E-4B0A-454F-8794-DE4B2F05887F}.Release|Any CPU.ActiveCfg = Release|Any CPU
		{C578583E-4B0A-454F-8794-DE4B2F05887F}.Release|Any CPU.Build.0 = Release|Any CPU
	EndGlobalSection
	GlobalSection(SolutionProperties) = preSolution
		HideSolutionNode = FALSE
	EndGlobalSection
	GlobalSection(ExtensibilityGlobals) = postSolution
		SolutionGuid = {BB0B5378-BEE7-4455-98A0-E991492D2C46}
	EndGlobalSection
EndGlobal
